# This file is automatically @generated by Poetry 1.8.3 and should not be changed by hand.

[[package]]
name = "pypdf"
version = "4.2.0"
description = "A pure-python PDF library capable of splitting, merging, cropping, and transforming PDF files"
optional = false
python-versions = ">=3.6"
files = [
    {file = "pypdf-4.2.0-py3-none-any.whl", hash = "sha256:dc035581664e0ad717e3492acebc1a5fc23dba759e788e3d4a9fc9b1a32e72c1"},
    {file = "pypdf-4.2.0.tar.gz", hash = "sha256:fe63f3f7d1dcda1c9374421a94c1bba6c6f8c4a62173a59b64ffd52058f846b1"},
]

[package.extras]
crypto = ["PyCryptodome", "cryptography"]
dev = ["black", "flit", "pip-tools", "pre-commit (<2.18.0)", "pytest-cov", "pytest-socket", "pytest-timeout", "pytest-xdist", "wheel"]
docs = ["myst_parser", "sphinx", "sphinx_rtd_theme"]
full = ["Pillow (>=8.0.0)", "PyCryptodome", "cryptography"]
image = ["Pillow (>=8.0.0)"]

[[package]]
name = "pysciter"
version = "0.6.9"
description = "Python bindings for the Sciter - Embeddable HTML/CSS/script engine (cross-platform desktop GUI toolkit)."
optional = false
python-versions = "*"
files = [
    {file = "PySciter-0.6.9-py3-none-any.whl", hash = "sha256:937d56e0110956042674eee8173f8fd4fc921ccc75753fb9c0cf9d7dd1413e3f"},
    {file = "PySciter-0.6.9.tar.gz", hash = "sha256:2f4789120829f20068ec590ff35601679d052b49b34afeb56e44b50d0b2708bd"},
]

[metadata]
lock-version = "2.0"
python-versions = "^3.12"
content-hash = "3a5ac87a92ce20c7adea551a1bd31105653ba26a72164860b4924f2789bae8eb"
