# This file is automatically @generated by Poetry 1.8.3 and should not be changed by hand.

[[package]]
name = "pypdf"
version = "4.2.0"
description = "A pure-python PDF library capable of splitting, merging, cropping, and transforming PDF files"
optional = false
python-versions = ">=3.6"
files = [
    {file = "pypdf-4.2.0-py3-none-any.whl", hash = "sha256:dc035581664e0ad717e3492acebc1a5fc23dba759e788e3d4a9fc9b1a32e72c1"},
    {file = "pypdf-4.2.0.tar.gz", hash = "sha256:fe63f3f7d1dcda1c9374421a94c1bba6c6f8c4a62173a59b64ffd52058f846b1"},
]

[package.extras]
crypto = ["PyCryptodome", "cryptography"]
dev = ["black", "flit", "pip-tools", "pre-commit (<2.18.0)", "pytest-cov", "pytest-socket", "pytest-timeout", "pytest-xdist", "wheel"]
docs = ["myst_parser", "sphinx", "sphinx_rtd_theme"]
full = ["Pillow (>=8.0.0)", "PyCryptodome", "cryptography"]
image = ["Pillow (>=8.0.0)"]

[metadata]
lock-version = "2.0"
python-versions = "^3.12"
content-hash = "c2b0182b47a1b6c397f927e7bf515c94f8a91def7a586c08e067ab941ccbd067"
